// !$*UTF8*$!
{
	archiveVersion = 1;
	classes = {
	};
	objectVersion = 56;
	objects = {

/* Begin PBXBuildFile section */
		6A9ACF162A14E1ED00071242 /* DiolingoAppApp.swift in Sources */ = {isa = PBXBuildFile; fileRef = 6A9ACF152A14E1ED00071242 /* DiolingoAppApp.swift */; };
		6A9ACF182A14E1ED00071242 /* ContentView.swift in Sources */ = {isa = PBXBuildFile; fileRef = 6A9ACF172A14E1ED00071242 /* ContentView.swift */; };
		6A9ACF1A2A14E1EF00071242 /* Assets.xcassets in Resources */ = {isa = PBXBuildFile; fileRef = 6A9ACF192A14E1EF00071242 /* Assets.xcassets */; };
		6A9ACF1D2A14E1EF00071242 /* Preview Assets.xcassets in Resources */ = {isa = PBXBuildFile; fileRef = 6A9ACF1C2A14E1EF00071242 /* Preview Assets.xcassets */; };
		6A9ACF242A152D2E00071242 /* HiView.swift in Sources */ = {isa = PBXBuildFile; fileRef = 6A9ACF232A152D2E00071242 /* HiView.swift */; };
		6A9ACF262A156A2D00071242 /* Let'tStartView.swift in Sources */ = {isa = PBXBuildFile; fileRef = 6A9ACF252A156A2D00071242 /* Let'tStartView.swift */; };
		6A9ACF282A156CD400071242 /* LanguagesListView.swift in Sources */ = {isa = PBXBuildFile; fileRef = 6A9ACF272A156CD400071242 /* LanguagesListView.swift */; };
		6A9ACF2A2A158DC500071242 /* HowKnowDioligoView.swift in Sources */ = {isa = PBXBuildFile; fileRef = 6A9ACF292A158DC500071242 /* HowKnowDioligoView.swift */; };
		6A9ACF2C2A15915900071242 /* LevelView.swift in Sources */ = {isa = PBXBuildFile; fileRef = 6A9ACF2B2A15915900071242 /* LevelView.swift */; };
		6A9ACF2E2A159BBB00071242 /* YourLevelView.swift in Sources */ = {isa = PBXBuildFile; fileRef = 6A9ACF2D2A159BBB00071242 /* YourLevelView.swift */; };
		6A9ACF302A159EC700071242 /* ReasonLearningView.swift in Sources */ = {isa = PBXBuildFile; fileRef = 6A9ACF2F2A159EC700071242 /* ReasonLearningView.swift */; };
		6A9ACF322A15A5AA00071242 /* FunView.swift in Sources */ = {isa = PBXBuildFile; fileRef = 6A9ACF312A15A5AA00071242 /* FunView.swift */; };
		6A9ACF342A15A7EE00071242 /* AchievementsView.swift in Sources */ = {isa = PBXBuildFile; fileRef = 6A9ACF332A15A7EE00071242 /* AchievementsView.swift */; };
		6A9ACF362A15AD2800071242 /* TimeView.swift in Sources */ = {isa = PBXBuildFile; fileRef = 6A9ACF352A15AD2800071242 /* TimeView.swift */; };
		6A9ACF382A15B2BF00071242 /* GetReadyv.swift in Sources */ = {isa = PBXBuildFile; fileRef = 6A9ACF372A15B2BF00071242 /* GetReadyv.swift */; };
		6A9ACF3C2A15BD5300071242 /* LetStartView.swift in Sources */ = {isa = PBXBuildFile; fileRef = 6A9ACF3B2A15BD5300071242 /* LetStartView.swift */; };
		6A9ACF402A15BE1F00071242 /* Flag.swift in Sources */ = {isa = PBXBuildFile; fileRef = 6A9ACF3F2A15BE1F00071242 /* Flag.swift */; };
		6A9ACF422A15BE7400071242 /* Choices.swift in Sources */ = {isa = PBXBuildFile; fileRef = 6A9ACF412A15BE7400071242 /* Choices.swift */; };
		6A9ACF442A15BE9D00071242 /* Level.swift in Sources */ = {isa = PBXBuildFile; fileRef = 6A9ACF432A15BE9D00071242 /* Level.swift */; };
		6A9ACF462A15BECE00071242 /* Reason.swift in Sources */ = {isa = PBXBuildFile; fileRef = 6A9ACF452A15BECE00071242 /* Reason.swift */; };
		6A9ACF482A15BF0400071242 /* Time.swift in Sources */ = {isa = PBXBuildFile; fileRef = 6A9ACF472A15BF0400071242 /* Time.swift */; };
		6A9ACF4A2A15C24100071242 /* Goals.swift in Sources */ = {isa = PBXBuildFile; fileRef = 6A9ACF492A15C24100071242 /* Goals.swift */; };
/* End PBXBuildFile section */

/* Begin PBXFileReference section */
		6A9ACF122A14E1ED00071242 /* DiolingoApp.app */ = {isa = PBXFileReference; explicitFileType = wrapper.application; includeInIndex = 0; path = DiolingoApp.app; sourceTree = BUILT_PRODUCTS_DIR; };
		6A9ACF152A14E1ED00071242 /* DiolingoAppApp.swift */ = {isa = PBXFileReference; lastKnownFileType = sourcecode.swift; path = DiolingoAppApp.swift; sourceTree = "<group>"; };
		6A9ACF172A14E1ED00071242 /* ContentView.swift */ = {isa = PBXFileReference; lastKnownFileType = sourcecode.swift; path = ContentView.swift; sourceTree = "<group>"; };
		6A9ACF192A14E1EF00071242 /* Assets.xcassets */ = {isa = PBXFileReference; lastKnownFileType = folder.assetcatalog; path = Assets.xcassets; sourceTree = "<group>"; };
		6A9ACF1C2A14E1EF00071242 /* Preview Assets.xcassets */ = {isa = PBXFileReference; lastKnownFileType = folder.assetcatalog; path = "Preview Assets.xcassets"; sourceTree = "<group>"; };
		6A9ACF232A152D2E00071242 /* HiView.swift */ = {isa = PBXFileReference; lastKnownFileType = sourcecode.swift; path = HiView.swift; sourceTree = "<group>"; };
		6A9ACF252A156A2D00071242 /* Let'tStartView.swift */ = {isa = PBXFileReference; lastKnownFileType = sourcecode.swift; path = "Let'tStartView.swift"; sourceTree = "<group>"; };
		6A9ACF272A156CD400071242 /* LanguagesListView.swift */ = {isa = PBXFileReference; lastKnownFileType = sourcecode.swift; path = LanguagesListView.swift; sourceTree = "<group>"; };
		6A9ACF292A158DC500071242 /* HowKnowDioligoView.swift */ = {isa = PBXFileReference; lastKnownFileType = sourcecode.swift; path = HowKnowDioligoView.swift; sourceTree = "<group>"; };
		6A9ACF2B2A15915900071242 /* LevelView.swift */ = {isa = PBXFileReference; lastKnownFileType = sourcecode.swift; path = LevelView.swift; sourceTree = "<group>"; };
		6A9ACF2D2A159BBB00071242 /* YourLevelView.swift */ = {isa = PBXFileReference; lastKnownFileType = sourcecode.swift; path = YourLevelView.swift; sourceTree = "<group>"; };
		6A9ACF2F2A159EC700071242 /* ReasonLearningView.swift */ = {isa = PBXFileReference; lastKnownFileType = sourcecode.swift; path = ReasonLearningView.swift; sourceTree = "<group>"; };
		6A9ACF312A15A5AA00071242 /* FunView.swift */ = {isa = PBXFileReference; lastKnownFileType = sourcecode.swift; path = FunView.swift; sourceTree = "<group>"; };
		6A9ACF332A15A7EE00071242 /* AchievementsView.swift */ = {isa = PBXFileReference; lastKnownFileType = sourcecode.swift; path = AchievementsView.swift; sourceTree = "<group>"; };
		6A9ACF352A15AD2800071242 /* TimeView.swift */ = {isa = PBXFileReference; lastKnownFileType = sourcecode.swift; path = TimeView.swift; sourceTree = "<group>"; };
		6A9ACF372A15B2BF00071242 /* GetReadyv.swift */ = {isa = PBXFileReference; lastKnownFileType = sourcecode.swift; path = GetReadyv.swift; sourceTree = "<group>"; };
		6A9ACF3B2A15BD5300071242 /* LetStartView.swift */ = {isa = PBXFileReference; lastKnownFileType = sourcecode.swift; path = LetStartView.swift; sourceTree = "<group>"; };
		6A9ACF3F2A15BE1F00071242 /* Flag.swift */ = {isa = PBXFileReference; lastKnownFileType = sourcecode.swift; path = Flag.swift; sourceTree = "<group>"; };
		6A9ACF412A15BE7400071242 /* Choices.swift */ = {isa = PBXFileReference; lastKnownFileType = sourcecode.swift; path = Choices.swift; sourceTree = "<group>"; };
		6A9ACF432A15BE9D00071242 /* Level.swift */ = {isa = PBXFileReference; lastKnownFileType = sourcecode.swift; path = Level.swift; sourceTree = "<group>"; };
		6A9ACF452A15BECE00071242 /* Reason.swift */ = {isa = PBXFileReference; lastKnownFileType = sourcecode.swift; path = Reason.swift; sourceTree = "<group>"; };
		6A9ACF472A15BF0400071242 /* Time.swift */ = {isa = PBXFileReference; lastKnownFileType = sourcecode.swift; path = Time.swift; sourceTree = "<group>"; };
		6A9ACF492A15C24100071242 /* Goals.swift */ = {isa = PBXFileReference; lastKnownFileType = sourcecode.swift; path = Goals.swift; sourceTree = "<group>"; };
/* End PBXFileReference section */

/* Begin PBXFrameworksBuildPhase section */
		6A9ACF0F2A14E1ED00071242 /* Frameworks */ = {
			isa = PBXFrameworksBuildPhase;
			buildActionMask = 2147483647;
			files = (
			);
			runOnlyForDeploymentPostprocessing = 0;
		};
/* End PBXFrameworksBuildPhase section */

/* Begin PBXGroup section */
		6A9ACF092A14E1ED00071242 = {
			isa = PBXGroup;
			children = (
				6A9ACF142A14E1ED00071242 /* DiolingoApp */,
				6A9ACF132A14E1ED00071242 /* Products */,
			);
			sourceTree = "<group>";
		};
		6A9ACF132A14E1ED00071242 /* Products */ = {
			isa = PBXGroup;
			children = (
				6A9ACF122A14E1ED00071242 /* DiolingoApp.app */,
			);
			name = Products;
			sourceTree = "<group>";
		};
		6A9ACF142A14E1ED00071242 /* DiolingoApp */ = {
			isa = PBXGroup;
			children = (
				6A9ACF152A14E1ED00071242 /* DiolingoAppApp.swift */,
				6A9ACF172A14E1ED00071242 /* ContentView.swift */,
				6A9ACF192A14E1EF00071242 /* Assets.xcassets */,
				6A9ACF1B2A14E1EF00071242 /* Preview Content */,
				6A9ACF232A152D2E00071242 /* HiView.swift */,
				6A9ACF252A156A2D00071242 /* Let'tStartView.swift */,
				6A9ACF272A156CD400071242 /* LanguagesListView.swift */,
				6A9ACF292A158DC500071242 /* HowKnowDioligoView.swift */,
				6A9ACF2B2A15915900071242 /* LevelView.swift */,
				6A9ACF2D2A159BBB00071242 /* YourLevelView.swift */,
				6A9ACF2F2A159EC700071242 /* ReasonLearningView.swift */,
				6A9ACF312A15A5AA00071242 /* FunView.swift */,
				6A9ACF332A15A7EE00071242 /* AchievementsView.swift */,
				6A9ACF352A15AD2800071242 /* TimeView.swift */,
				6A9ACF372A15B2BF00071242 /* GetReadyv.swift */,
				6A9ACF3B2A15BD5300071242 /* LetStartView.swift */,
				6A9ACF3F2A15BE1F00071242 /* Flag.swift */,
				6A9ACF412A15BE7400071242 /* Choices.swift */,
				6A9ACF432A15BE9D00071242 /* Level.swift */,
				6A9ACF452A15BECE00071242 /* Reason.swift */,
				6A9ACF472A15BF0400071242 /* Time.swift */,
				6A9ACF492A15C24100071242 /* Goals.swift */,
			);
			path = DiolingoApp;
			sourceTree = "<group>";
		};
		6A9ACF1B2A14E1EF00071242 /* Preview Content */ = {
			isa = PBXGroup;
			children = (
				6A9ACF1C2A14E1EF00071242 /* Preview Assets.xcassets */,
			);
			path = "Preview Content";
			sourceTree = "<group>";
		};
/* End PBXGroup section */

/* Begin PBXNativeTarget section */
		6A9ACF112A14E1ED00071242 /* DiolingoApp */ = {
			isa = PBXNativeTarget;
			buildConfigurationList = 6A9ACF202A14E1EF00071242 /* Build configuration list for PBXNativeTarget "DiolingoApp" */;
			buildPhases = (
				6A9ACF0E2A14E1ED00071242 /* Sources */,
				6A9ACF0F2A14E1ED00071242 /* Frameworks */,
				6A9ACF102A14E1ED00071242 /* Resources */,
			);
			buildRules = (
			);
			dependencies = (
			);
			name = DiolingoApp;
			productName = DiolingoApp;
			productReference = 6A9ACF122A14E1ED00071242 /* DiolingoApp.app */;
			productType = "com.apple.product-type.application";
		};
/* End PBXNativeTarget section */

/* Begin PBXProject section */
		6A9ACF0A2A14E1ED00071242 /* Project object */ = {
			isa = PBXProject;
			attributes = {
				BuildIndependentTargetsInParallel = 1;
				LastSwiftUpdateCheck = 1430;
				LastUpgradeCheck = 1430;
				TargetAttributes = {
					6A9ACF112A14E1ED00071242 = {
						CreatedOnToolsVersion = 14.3;
					};
				};
			};
			buildConfigurationList = 6A9ACF0D2A14E1ED00071242 /* Build configuration list for PBXProject "DiolingoApp" */;
			compatibilityVersion = "Xcode 14.0";
			developmentRegion = en;
			hasScannedForEncodings = 0;
			knownRegions = (
				en,
				Base,
			);
			mainGroup = 6A9ACF092A14E1ED00071242;
			productRefGroup = 6A9ACF132A14E1ED00071242 /* Products */;
			projectDirPath = "";
			projectRoot = "";
			targets = (
				6A9ACF112A14E1ED00071242 /* DiolingoApp */,
			);
		};
/* End PBXProject section */

/* Begin PBXResourcesBuildPhase section */
		6A9ACF102A14E1ED00071242 /* Resources */ = {
			isa = PBXResourcesBuildPhase;
			buildActionMask = 2147483647;
			files = (
				6A9ACF1D2A14E1EF00071242 /* Preview Assets.xcassets in Resources */,
				6A9ACF1A2A14E1EF00071242 /* Assets.xcassets in Resources */,
			);
			runOnlyForDeploymentPostprocessing = 0;
		};
/* End PBXResourcesBuildPhase section */

/* Begin PBXSourcesBuildPhase section */
		6A9ACF0E2A14E1ED00071242 /* Sources */ = {
			isa = PBXSourcesBuildPhase;
			buildActionMask = 2147483647;
			files = (
				6A9ACF4A2A15C24100071242 /* Goals.swift in Sources */,
				6A9ACF442A15BE9D00071242 /* Level.swift in Sources */,
				6A9ACF482A15BF0400071242 /* Time.swift in Sources */,
				6A9ACF2E2A159BBB00071242 /* YourLevelView.swift in Sources */,
				6A9ACF2C2A15915900071242 /* LevelView.swift in Sources */,
				6A9ACF462A15BECE00071242 /* Reason.swift in Sources */,
				6A9ACF3C2A15BD5300071242 /* LetStartView.swift in Sources */,
				6A9ACF302A159EC700071242 /* ReasonLearningView.swift in Sources */,
				6A9ACF2A2A158DC500071242 /* HowKnowDioligoView.swift in Sources */,
				6A9ACF322A15A5AA00071242 /* FunView.swift in Sources */,
				6A9ACF422A15BE7400071242 /* Choices.swift in Sources */,
				6A9ACF262A156A2D00071242 /* Let'tStartView.swift in Sources */,
				6A9ACF402A15BE1F00071242 /* Flag.swift in Sources */,
				6A9ACF182A14E1ED00071242 /* ContentView.swift in Sources */,
				6A9ACF282A156CD400071242 /* LanguagesListView.swift in Sources */,
				6A9ACF162A14E1ED00071242 /* DiolingoAppApp.swift in Sources */,
				6A9ACF382A15B2BF00071242 /* GetReadyv.swift in Sources */,
				6A9ACF342A15A7EE00071242 /* AchievementsView.swift in Sources */,
				6A9ACF242A152D2E00071242 /* HiView.swift in Sources */,
				6A9ACF362A15AD2800071242 /* TimeView.swift in Sources */,
			);
			runOnlyForDeploymentPostprocessing = 0;
		};
/* End PBXSourcesBuildPhase section */

/* Begin XCBuildConfiguration section */
		6A9ACF1E2A14E1EF00071242 /* Debug */ = {
			isa = XCBuildConfiguration;
			buildSettings = {
				ALWAYS_SEARCH_USER_PATHS = NO;
				CLANG_ANALYZER_NONNULL = YES;
				CLANG_ANALYZER_NUMBER_OBJECT_CONVERSION = YES_AGGRESSIVE;
				CLANG_CXX_LANGUAGE_STANDARD = "gnu++20";
				CLANG_ENABLE_MODULES = YES;
				CLANG_ENABLE_OBJC_ARC = YES;
				CLANG_ENABLE_OBJC_WEAK = YES;
				CLANG_WARN_BLOCK_CAPTURE_AUTORELEASING = YES;
				CLANG_WARN_BOOL_CONVERSION = YES;
				CLANG_WARN_COMMA = YES;
				CLANG_WARN_CONSTANT_CONVERSION = YES;
				CLANG_WARN_DEPRECATED_OBJC_IMPLEMENTATIONS = YES;
				CLANG_WARN_DIRECT_OBJC_ISA_USAGE = YES_ERROR;
				CLANG_WARN_DOCUMENTATION_COMMENTS = YES;
				CLANG_WARN_EMPTY_BODY = YES;
				CLANG_WARN_ENUM_CONVERSION = YES;
				CLANG_WARN_INFINITE_RECURSION = YES;
				CLANG_WARN_INT_CONVERSION = YES;
				CLANG_WARN_NON_LITERAL_NULL_CONVERSION = YES;
				CLANG_WARN_OBJC_IMPLICIT_RETAIN_SELF = YES;
				CLANG_WARN_OBJC_LITERAL_CONVERSION = YES;
				CLANG_WARN_OBJC_ROOT_CLASS = YES_ERROR;
				CLANG_WARN_QUOTED_INCLUDE_IN_FRAMEWORK_HEADER = YES;
				CLANG_WARN_RANGE_LOOP_ANALYSIS = YES;
				CLANG_WARN_STRICT_PROTOTYPES = YES;
				CLANG_WARN_SUSPICIOUS_MOVE = YES;
				CLANG_WARN_UNGUARDED_AVAILABILITY = YES_AGGRESSIVE;
				CLANG_WARN_UNREACHABLE_CODE = YES;
				CLANG_WARN__DUPLICATE_METHOD_MATCH = YES;
				COPY_PHASE_STRIP = NO;
				DEBUG_INFORMATION_FORMAT = dwarf;
				ENABLE_STRICT_OBJC_MSGSEND = YES;
				ENABLE_TESTABILITY = YES;
				GCC_C_LANGUAGE_STANDARD = gnu11;
				GCC_DYNAMIC_NO_PIC = NO;
				GCC_NO_COMMON_BLOCKS = YES;
				GCC_OPTIMIZATION_LEVEL = 0;
				GCC_PREPROCESSOR_DEFINITIONS = (
					"DEBUG=1",
					"$(inherited)",
				);
				GCC_WARN_64_TO_32_BIT_CONVERSION = YES;
				GCC_WARN_ABOUT_RETURN_TYPE = YES_ERROR;
				GCC_WARN_UNDECLARED_SELECTOR = YES;
				GCC_WARN_UNINITIALIZED_AUTOS = YES_AGGRESSIVE;
				GCC_WARN_UNUSED_FUNCTION = YES;
				GCC_WARN_UNUSED_VARIABLE = YES;
				IPHONEOS_DEPLOYMENT_TARGET = 16.4;
				MTL_ENABLE_DEBUG_INFO = INCLUDE_SOURCE;
				MTL_FAST_MATH = YES;
				ONLY_ACTIVE_ARCH = YES;
				SDKROOT = iphoneos;
				SWIFT_ACTIVE_COMPILATION_CONDITIONS = DEBUG;
				SWIFT_OPTIMIZATION_LEVEL = "-Onone";
			};
			name = Debug;
		};
		6A9ACF1F2A14E1EF00071242 /* Release */ = {
			isa = XCBuildConfiguration;
			buildSettings = {
				ALWAYS_SEARCH_USER_PATHS = NO;
				CLANG_ANALYZER_NONNULL = YES;
				CLANG_ANALYZER_NUMBER_OBJECT_CONVERSION = YES_AGGRESSIVE;
				CLANG_CXX_LANGUAGE_STANDARD = "gnu++20";
				CLANG_ENABLE_MODULES = YES;
				CLANG_ENABLE_OBJC_ARC = YES;
				CLANG_ENABLE_OBJC_WEAK = YES;
				CLANG_WARN_BLOCK_CAPTURE_AUTORELEASING = YES;
				CLANG_WARN_BOOL_CONVERSION = YES;
				CLANG_WARN_COMMA = YES;
				CLANG_WARN_CONSTANT_CONVERSION = YES;
				CLANG_WARN_DEPRECATED_OBJC_IMPLEMENTATIONS = YES;
				CLANG_WARN_DIRECT_OBJC_ISA_USAGE = YES_ERROR;
				CLANG_WARN_DOCUMENTATION_COMMENTS = YES;
				CLANG_WARN_EMPTY_BODY = YES;
				CLANG_WARN_ENUM_CONVERSION = YES;
				CLANG_WARN_INFINITE_RECURSION = YES;
				CLANG_WARN_INT_CONVERSION = YES;
				CLANG_WARN_NON_LITERAL_NULL_CONVERSION = YES;
				CLANG_WARN_OBJC_IMPLICIT_RETAIN_SELF = YES;
				CLANG_WARN_OBJC_LITERAL_CONVERSION = YES;
				CLANG_WARN_OBJC_ROOT_CLASS = YES_ERROR;
				CLANG_WARN_QUOTED_INCLUDE_IN_FRAMEWORK_HEADER = YES;
				CLANG_WARN_RANGE_LOOP_ANALYSIS = YES;
				CLANG_WARN_STRICT_PROTOTYPES = YES;
				CLANG_WARN_SUSPICIOUS_MOVE = YES;
				CLANG_WARN_UNGUARDED_AVAILABILITY = YES_AGGRESSIVE;
				CLANG_WARN_UNREACHABLE_CODE = YES;
				CLANG_WARN__DUPLICATE_METHOD_MATCH = YES;
				COPY_PHASE_STRIP = NO;
				DEBUG_INFORMATION_FORMAT = "dwarf-with-dsym";
				ENABLE_NS_ASSERTIONS = NO;
				ENABLE_STRICT_OBJC_MSGSEND = YES;
				GCC_C_LANGUAGE_STANDARD = gnu11;
				GCC_NO_COMMON_BLOCKS = YES;
				GCC_WARN_64_TO_32_BIT_CONVERSION = YES;
				GCC_WARN_ABOUT_RETURN_TYPE = YES_ERROR;
				GCC_WARN_UNDECLARED_SELECTOR = YES;
				GCC_WARN_UNINITIALIZED_AUTOS = YES_AGGRESSIVE;
				GCC_WARN_UNUSED_FUNCTION = YES;
				GCC_WARN_UNUSED_VARIABLE = YES;
				IPHONEOS_DEPLOYMENT_TARGET = 16.4;
				MTL_ENABLE_DEBUG_INFO = NO;
				MTL_FAST_MATH = YES;
				SDKROOT = iphoneos;
				SWIFT_COMPILATION_MODE = wholemodule;
				SWIFT_OPTIMIZATION_LEVEL = "-O";
				VALIDATE_PRODUCT = YES;
			};
			name = Release;
		};
		6A9ACF212A14E1EF00071242 /* Debug */ = {
			isa = XCBuildConfiguration;
			buildSettings = {
				ASSETCATALOG_COMPILER_APPICON_NAME = AppIcon;
				ASSETCATALOG_COMPILER_GLOBAL_ACCENT_COLOR_NAME = AccentColor;
				CODE_SIGN_STYLE = Automatic;
				CURRENT_PROJECT_VERSION = 1;
				DEVELOPMENT_ASSET_PATHS = "\"DiolingoApp/Preview Content\"";
				ENABLE_PREVIEWS = YES;
				GENERATE_INFOPLIST_FILE = YES;
				INFOPLIST_KEY_UIApplicationSceneManifest_Generation = YES;
				INFOPLIST_KEY_UIApplicationSupportsIndirectInputEvents = YES;
				INFOPLIST_KEY_UILaunchScreen_Generation = YES;
				INFOPLIST_KEY_UISupportedInterfaceOrientations_iPad = "UIInterfaceOrientationPortrait UIInterfaceOrientationPortraitUpsideDown UIInterfaceOrientationLandscapeLeft UIInterfaceOrientationLandscapeRight";
				INFOPLIST_KEY_UISupportedInterfaceOrientations_iPhone = "UIInterfaceOrientationPortrait UIInterfaceOrientationLandscapeLeft UIInterfaceOrientationLandscapeRight";
				LD_RUNPATH_SEARCH_PATHS = (
					"$(inherited)",
					"@executable_path/Frameworks",
				);
				MARKETING_VERSION = 1.0;
				PRODUCT_BUNDLE_IDENTIFIER = com.example.DiolingoApp;
				PRODUCT_NAME = "$(TARGET_NAME)";
				SWIFT_EMIT_LOC_STRINGS = YES;
				SWIFT_VERSION = 5.0;
				TARGETED_DEVICE_FAMILY = "1,2";
			};
			name = Debug;
		};
		6A9ACF222A14E1EF00071242 /* Release */ = {
			isa = XCBuildConfiguration;
			buildSettings = {
				ASSETCATALOG_COMPILER_APPICON_NAME = AppIcon;
				ASSETCATALOG_COMPILER_GLOBAL_ACCENT_COLOR_NAME = AccentColor;
				CODE_SIGN_STYLE = Automatic;
				CURRENT_PROJECT_VERSION = 1;
				DEVELOPMENT_ASSET_PATHS = "\"DiolingoApp/Preview Content\"";
				ENABLE_PREVIEWS = YES;
				GENERATE_INFOPLIST_FILE = YES;
				INFOPLIST_KEY_UIApplicationSceneManifest_Generation = YES;
				INFOPLIST_KEY_UIApplicationSupportsIndirectInputEvents = YES;
				INFOPLIST_KEY_UILaunchScreen_Generation = YES;
				INFOPLIST_KEY_UISupportedInterfaceOrientations_iPad = "UIInterfaceOrientationPortrait UIInterfaceOrientationPortraitUpsideDown UIInterfaceOrientationLandscapeLeft UIInterfaceOrientationLandscapeRight";
				INFOPLIST_KEY_UISupportedInterfaceOrientations_iPhone = "UIInterfaceOrientationPortrait UIInterfaceOrientationLandscapeLeft UIInterfaceOrientationLandscapeRight";
				LD_RUNPATH_SEARCH_PATHS = (
					"$(inherited)",
					"@executable_path/Frameworks",
				);
				MARKETING_VERSION = 1.0;
				PRODUCT_BUNDLE_IDENTIFIER = com.example.DiolingoApp;
				PRODUCT_NAME = "$(TARGET_NAME)";
				SWIFT_EMIT_LOC_STRINGS = YES;
				SWIFT_VERSION = 5.0;
				TARGETED_DEVICE_FAMILY = "1,2";
			};
			name = Release;
		};
/* End XCBuildConfiguration section */

/* Begin XCConfigurationList section */
		6A9ACF0D2A14E1ED00071242 /* Build configuration list for PBXProject "DiolingoApp" */ = {
			isa = XCConfigurationList;
			buildConfigurations = (
				6A9ACF1E2A14E1EF00071242 /* Debug */,
				6A9ACF1F2A14E1EF00071242 /* Release */,
			);
			defaultConfigurationIsVisible = 0;
			defaultConfigurationName = Release;
		};
		6A9ACF202A14E1EF00071242 /* Build configuration list for PBXNativeTarget "DiolingoApp" */ = {
			isa = XCConfigurationList;
			buildConfigurations = (
				6A9ACF212A14E1EF00071242 /* Debug */,
				6A9ACF222A14E1EF00071242 /* Release */,
			);
			defaultConfigurationIsVisible = 0;
			defaultConfigurationName = Release;
		};
/* End XCConfigurationList section */
	};
	rootObject = 6A9ACF0A2A14E1ED00071242 /* Project object */;
}
